
Microsoft Visual Studio Solution File, Format Version 12.00
# Visual Studio 2013
VisualStudioVersion = 12.0.31101.0
MinimumVisualStudioVersion = 10.0.40219.1
Project("{FAE04EC0-301F-11D3-BF4B-00C04F79EFBC}") = "XSocketsWorker", "XSocketsWorker\XSocketsWorker.csproj", "{A0530DDA-E164-4C0D-A84B-65DB0E24E254}"
EndProject
Project("{CC5FD16D-436D-48AD-A40C-5A424C6E3E79}") = "AzureWorkerRole", "AzureWorkerRole\AzureWorkerRole.ccproj", "{7D889BD1-88D6-4136-84A9-4475A835C175}"
EndProject
Global
	GlobalSection(SolutionConfigurationPlatforms) = preSolution
		Debug|Any CPU = Debug|Any CPU
		Release|Any CPU = Release|Any CPU
	EndGlobalSection
	GlobalSection(ProjectConfigurationPlatforms) = postSolution
		{A0530DDA-E164-4C0D-A84B-65DB0E24E254}.Debug|Any CPU.ActiveCfg = Debug|Any CPU
		{A0530DDA-E164-4C0D-A84B-65DB0E24E254}.Debug|Any CPU.Build.0 = Debug|Any CPU
		{A0530DDA-E164-4C0D-A84B-65DB0E24E254}.Release|Any CPU.ActiveCfg = Release|Any CPU
		{A0530DDA-E164-4C0D-A84B-65DB0E24E254}.Release|Any CPU.Build.0 = Release|Any CPU
		{7D889BD1-88D6-4136-84A9-4475A835C175}.Debug|Any CPU.ActiveCfg = Debug|Any CPU
		{7D889BD1-88D6-4136-84A9-4475A835C175}.Debug|Any CPU.Build.0 = Debug|Any CPU
		{7D889BD1-88D6-4136-84A9-4475A835C175}.Release|Any CPU.ActiveCfg = Release|Any CPU
		{7D889BD1-88D6-4136-84A9-4475A835C175}.Release|Any CPU.Build.0 = Release|Any CPU
	EndGlobalSection
	GlobalSection(SolutionProperties) = preSolution
		HideSolutionNode = FALSE
	EndGlobalSection
EndGlobal
