
Microsoft Visual Studio Solution File, Format Version 12.00
# Visual Studio 2013
VisualStudioVersion = 12.0.31101.0
MinimumVisualStudioVersion = 10.0.40219.1
Project("{FAE04EC0-301F-11D3-BF4B-00C04F79EFBC}") = "CustomProtocolBasic", "CustomProtocolBasic\CustomProtocolBasic.csproj", "{541B2328-6BCD-4F40-82AB-7C649D471E7E}"
EndProject
Project("{FAE04EC0-301F-11D3-BF4B-00C04F79EFBC}") = "CustomProtocolBasic.Client", "CustomProtocolBasic.Client\CustomProtocolBasic.Client.csproj", "{B09FF58A-26D4-4090-A00D-06CF4C80CFE4}"
EndProject
Project("{FAE04EC0-301F-11D3-BF4B-00C04F79EFBC}") = "CryptHelpers", "CryptHelpers\CryptHelpers.csproj", "{4F213C5F-8B28-402A-88E3-16FED695FD8B}"
EndProject
Global
	GlobalSection(SolutionConfigurationPlatforms) = preSolution
		Debug|Any CPU = Debug|Any CPU
		Release|Any CPU = Release|Any CPU
	EndGlobalSection
	GlobalSection(ProjectConfigurationPlatforms) = postSolution
		{541B2328-6BCD-4F40-82AB-7C649D471E7E}.Debug|Any CPU.ActiveCfg = Debug|Any CPU
		{541B2328-6BCD-4F40-82AB-7C649D471E7E}.Debug|Any CPU.Build.0 = Debug|Any CPU
		{541B2328-6BCD-4F40-82AB-7C649D471E7E}.Release|Any CPU.ActiveCfg = Release|Any CPU
		{541B2328-6BCD-4F40-82AB-7C649D471E7E}.Release|Any CPU.Build.0 = Release|Any CPU
		{B09FF58A-26D4-4090-A00D-06CF4C80CFE4}.Debug|Any CPU.ActiveCfg = Debug|Any CPU
		{B09FF58A-26D4-4090-A00D-06CF4C80CFE4}.Debug|Any CPU.Build.0 = Debug|Any CPU
		{B09FF58A-26D4-4090-A00D-06CF4C80CFE4}.Release|Any CPU.ActiveCfg = Release|Any CPU
		{B09FF58A-26D4-4090-A00D-06CF4C80CFE4}.Release|Any CPU.Build.0 = Release|Any CPU
		{4F213C5F-8B28-402A-88E3-16FED695FD8B}.Debug|Any CPU.ActiveCfg = Debug|Any CPU
		{4F213C5F-8B28-402A-88E3-16FED695FD8B}.Debug|Any CPU.Build.0 = Debug|Any CPU
		{4F213C5F-8B28-402A-88E3-16FED695FD8B}.Release|Any CPU.ActiveCfg = Release|Any CPU
		{4F213C5F-8B28-402A-88E3-16FED695FD8B}.Release|Any CPU.Build.0 = Release|Any CPU
	EndGlobalSection
	GlobalSection(SolutionProperties) = preSolution
		HideSolutionNode = FALSE
	EndGlobalSection
EndGlobal
